
Microsoft Visual Studio Solution File, Format Version 12.00
# Visual Studio Version 16
VisualStudioVersion = 16.0.33214.272
MinimumVisualStudioVersion = 10.0.40219.1
Project("{FAE04EC0-301F-11D3-BF4B-00C04F79EFBC}") = "Práctica2", "Práctica2\Práctica2.csproj", "{1B4D6A0F-AEC3-4D70-9D1E-ADF4C9D07EC9}"
EndProject
Global
	GlobalSection(SolutionConfigurationPlatforms) = preSolution
		Debug|Any CPU = Debug|Any CPU
		Release|Any CPU = Release|Any CPU
	EndGlobalSection
	GlobalSection(ProjectConfigurationPlatforms) = postSolution
		{1B4D6A0F-AEC3-4D70-9D1E-ADF4C9D07EC9}.Debug|Any CPU.ActiveCfg = Debug|Any CPU
		{1B4D6A0F-AEC3-4D70-9D1E-ADF4C9D07EC9}.Debug|Any CPU.Build.0 = Debug|Any CPU
		{1B4D6A0F-AEC3-4D70-9D1E-ADF4C9D07EC9}.Release|Any CPU.ActiveCfg = Release|Any CPU
		{1B4D6A0F-AEC3-4D70-9D1E-ADF4C9D07EC9}.Release|Any CPU.Build.0 = Release|Any CPU
	EndGlobalSection
	GlobalSection(SolutionProperties) = preSolution
		HideSolutionNode = FALSE
	EndGlobalSection
	GlobalSection(ExtensibilityGlobals) = postSolution
		SolutionGuid = {AA292292-7DED-4F59-A4AA-ABDB80E4A125}
	EndGlobalSection
EndGlobal
